
Microsoft Visual Studio Solution File, Format Version 12.00
# Visual Studio Version 17
VisualStudioVersion = 17.0.31903.59
MinimumVisualStudioVersion = 10.0.40219.1
Project("{F2A71F9B-5D33-465A-A702-920D77279786}") = "WoofWare.Test.Thing", "WoofWare.Test.Thing\WoofWare.Test.Thing.fsproj", "{EE785DBD-42E2-4757-A2A2-ED16D851937C}"
EndProject
Global
	GlobalSection(SolutionConfigurationPlatforms) = preSolution
		Debug|Any CPU = Debug|Any CPU
		Release|Any CPU = Release|Any CPU
	EndGlobalSection
	GlobalSection(SolutionProperties) = preSolution
		HideSolutionNode = FALSE
	EndGlobalSection
	GlobalSection(ProjectConfigurationPlatforms) = postSolution
		{EE785DBD-42E2-4757-A2A2-ED16D851937C}.Debug|Any CPU.ActiveCfg = Debug|Any CPU
		{EE785DBD-42E2-4757-A2A2-ED16D851937C}.Debug|Any CPU.Build.0 = Debug|Any CPU
		{EE785DBD-42E2-4757-A2A2-ED16D851937C}.Release|Any CPU.ActiveCfg = Release|Any CPU
		{EE785DBD-42E2-4757-A2A2-ED16D851937C}.Release|Any CPU.Build.0 = Release|Any CPU
	EndGlobalSection
EndGlobal
